
Microsoft Visual Studio Solution File, Format Version 12.00
# Visual Studio Version 17
VisualStudioVersion = 17.3.32929.385
MinimumVisualStudioVersion = 10.0.40219.1
Project("{FAE04EC0-301F-11D3-BF4B-00C04F79EFBC}") = "RevitAPITraining81", "RevitAPITraining81\RevitAPITraining81.csproj", "{01DEB365-8580-4BD2-9CE4-B990ACCCB173}"
EndProject
Global
	GlobalSection(SolutionConfigurationPlatforms) = preSolution
		Debug|Any CPU = Debug|Any CPU
		Release|Any CPU = Release|Any CPU
	EndGlobalSection
	GlobalSection(ProjectConfigurationPlatforms) = postSolution
		{01DEB365-8580-4BD2-9CE4-B990ACCCB173}.Debug|Any CPU.ActiveCfg = Debug|Any CPU
		{01DEB365-8580-4BD2-9CE4-B990ACCCB173}.Debug|Any CPU.Build.0 = Debug|Any CPU
		{01DEB365-8580-4BD2-9CE4-B990ACCCB173}.Release|Any CPU.ActiveCfg = Release|Any CPU
		{01DEB365-8580-4BD2-9CE4-B990ACCCB173}.Release|Any CPU.Build.0 = Release|Any CPU
	EndGlobalSection
	GlobalSection(SolutionProperties) = preSolution
		HideSolutionNode = FALSE
	EndGlobalSection
	GlobalSection(ExtensibilityGlobals) = postSolution
		SolutionGuid = {5FF2EB88-9277-4178-BB42-91C924484E00}
	EndGlobalSection
EndGlobal
